
Microsoft Visual Studio Solution File, Format Version 12.00
# Visual Studio Version 17
VisualStudioVersion = 17.1.32328.378
MinimumVisualStudioVersion = 10.0.40219.1
Project("{FAE04EC0-301F-11D3-BF4B-00C04F79EFBC}") = "SampleAuthenticator", "SampleAuthenticator\SampleAuthenticator.csproj", "{FDFFCF14-3AAC-45E2-BE53-30F1DE42F96A}"
EndProject
Global
	GlobalSection(SolutionConfigurationPlatforms) = preSolution
		Debug|Any CPU = Debug|Any CPU
		Release|Any CPU = Release|Any CPU
	EndGlobalSection
	GlobalSection(ProjectConfigurationPlatforms) = postSolution
		{FDFFCF14-3AAC-45E2-BE53-30F1DE42F96A}.Debug|Any CPU.ActiveCfg = Debug|Any CPU
		{FDFFCF14-3AAC-45E2-BE53-30F1DE42F96A}.Debug|Any CPU.Build.0 = Debug|Any CPU
		{FDFFCF14-3AAC-45E2-BE53-30F1DE42F96A}.Release|Any CPU.ActiveCfg = Release|Any CPU
		{FDFFCF14-3AAC-45E2-BE53-30F1DE42F96A}.Release|Any CPU.Build.0 = Release|Any CPU
	EndGlobalSection
	GlobalSection(SolutionProperties) = preSolution
		HideSolutionNode = FALSE
	EndGlobalSection
	GlobalSection(ExtensibilityGlobals) = postSolution
		SolutionGuid = {E5E3BA8C-CA26-4695-8575-EA4EFC4169CF}
	EndGlobalSection
EndGlobal
